
Microsoft Visual Studio Solution File, Format Version 12.00
# Visual Studio 15
Project("{FAE04EC0-301F-11D3-BF4B-00C04F79EFBC}") = "Assembly-CSharp", "Assembly-CSharp.csproj", "{86E62A4E-D4A8-CCC1-61D2-59DF4FB8068C}"
EndProject
Project("{FAE04EC0-301F-11D3-BF4B-00C04F79EFBC}") = "Assembly-CSharp-Editor", "Assembly-CSharp-Editor.csproj", "{D7F43C79-5033-ACB3-91D2-D7B7F4C01C45}"
EndProject
Global
	GlobalSection(SolutionConfigurationPlatforms) = preSolution
		Debug|Any CPU = Debug|Any CPU
		Release|Any CPU = Release|Any CPU
	EndGlobalSection
	GlobalSection(ProjectConfigurationPlatforms) = postSolution
		{86E62A4E-D4A8-CCC1-61D2-59DF4FB8068C}.Debug|Any CPU.ActiveCfg = Debug|Any CPU
		{86E62A4E-D4A8-CCC1-61D2-59DF4FB8068C}.Debug|Any CPU.Build.0 = Debug|Any CPU
		{86E62A4E-D4A8-CCC1-61D2-59DF4FB8068C}.Release|Any CPU.ActiveCfg = Release|Any CPU
		{86E62A4E-D4A8-CCC1-61D2-59DF4FB8068C}.Release|Any CPU.Build.0 = Release|Any CPU
		{D7F43C79-5033-ACB3-91D2-D7B7F4C01C45}.Debug|Any CPU.ActiveCfg = Debug|Any CPU
		{D7F43C79-5033-ACB3-91D2-D7B7F4C01C45}.Debug|Any CPU.Build.0 = Debug|Any CPU
		{D7F43C79-5033-ACB3-91D2-D7B7F4C01C45}.Release|Any CPU.ActiveCfg = Release|Any CPU
		{D7F43C79-5033-ACB3-91D2-D7B7F4C01C45}.Release|Any CPU.Build.0 = Release|Any CPU
	EndGlobalSection
	GlobalSection(SolutionProperties) = preSolution
		HideSolutionNode = FALSE
	EndGlobalSection
EndGlobal
